// !$*UTF8*$!
{
	archiveVersion = 1;
	classes = {
	};
	objectVersion = 50;
	objects = {

/* Begin PBXBuildFile section */
		57761209239566D600D9171E /* AppDelegate.swift in Sources */ = {isa = PBXBuildFile; fileRef = 57761208239566D600D9171E /* AppDelegate.swift */; };
		5776120B239566D600D9171E /* SceneDelegate.swift in Sources */ = {isa = PBXBuildFile; fileRef = 5776120A239566D600D9171E /* SceneDelegate.swift */; };
		5776120D239566D600D9171E /* ViewController.swift in Sources */ = {isa = PBXBuildFile; fileRef = 5776120C239566D600D9171E /* ViewController.swift */; };
		57761210239566D600D9171E /* Main.storyboard in Resources */ = {isa = PBXBuildFile; fileRef = 5776120E239566D600D9171E /* Main.storyboard */; };
		57761212239566D900D9171E /* Assets.xcassets in Resources */ = {isa = PBXBuildFile; fileRef = 57761211239566D900D9171E /* Assets.xcassets */; };
		57761215239566D900D9171E /* LaunchScreen.storyboard in Resources */ = {isa = PBXBuildFile; fileRef = 57761213239566D900D9171E /* LaunchScreen.storyboard */; };
		57761220239566D900D9171E /* ChallengeCalculatorTests.swift in Sources */ = {isa = PBXBuildFile; fileRef = 5776121F239566D900D9171E /* ChallengeCalculatorTests.swift */; };
		5776122B2395695700D9171E /* Challenge.swift in Sources */ = {isa = PBXBuildFile; fileRef = 5776122A2395695700D9171E /* Challenge.swift */; };
/* End PBXBuildFile section */

/* Begin PBXContainerItemProxy section */
		5776121C239566D900D9171E /* PBXContainerItemProxy */ = {
			isa = PBXContainerItemProxy;
			containerPortal = 577611FD239566D600D9171E /* Project object */;
			proxyType = 1;
			remoteGlobalIDString = 57761204239566D600D9171E;
			remoteInfo = ChallengeCalculator;
		};
/* End PBXContainerItemProxy section */

/* Begin PBXFileReference section */
		57761205239566D600D9171E /* ChallengeCalculator.app */ = {isa = PBXFileReference; explicitFileType = wrapper.application; includeInIndex = 0; path = ChallengeCalculator.app; sourceTree = BUILT_PRODUCTS_DIR; };
		57761208239566D600D9171E /* AppDelegate.swift */ = {isa = PBXFileReference; lastKnownFileType = sourcecode.swift; path = AppDelegate.swift; sourceTree = "<group>"; };
		5776120A239566D600D9171E /* SceneDelegate.swift */ = {isa = PBXFileReference; lastKnownFileType = sourcecode.swift; path = SceneDelegate.swift; sourceTree = "<group>"; };
		5776120C239566D600D9171E /* ViewController.swift */ = {isa = PBXFileReference; lastKnownFileType = sourcecode.swift; path = ViewController.swift; sourceTree = "<group>"; };
		5776120F239566D600D9171E /* Base */ = {isa = PBXFileReference; lastKnownFileType = file.storyboard; name = Base; path = Base.lproj/Main.storyboard; sourceTree = "<group>"; };
		57761211239566D900D9171E /* Assets.xcassets */ = {isa = PBXFileReference; lastKnownFileType = folder.assetcatalog; path = Assets.xcassets; sourceTree = "<group>"; };
		57761214239566D900D9171E /* Base */ = {isa = PBXFileReference; lastKnownFileType = file.storyboard; name = Base; path = Base.lproj/LaunchScreen.storyboard; sourceTree = "<group>"; };
		57761216239566D900D9171E /* Info.plist */ = {isa = PBXFileReference; lastKnownFileType = text.plist.xml; path = Info.plist; sourceTree = "<group>"; };
		5776121B239566D900D9171E /* ChallengeCalculatorTests.xctest */ = {isa = PBXFileReference; explicitFileType = wrapper.cfbundle; includeInIndex = 0; path = ChallengeCalculatorTests.xctest; sourceTree = BUILT_PRODUCTS_DIR; };
		5776121F239566D900D9171E /* ChallengeCalculatorTests.swift */ = {isa = PBXFileReference; lastKnownFileType = sourcecode.swift; path = ChallengeCalculatorTests.swift; sourceTree = "<group>"; };
		57761221239566D900D9171E /* Info.plist */ = {isa = PBXFileReference; lastKnownFileType = text.plist.xml; path = Info.plist; sourceTree = "<group>"; };
		5776122A2395695700D9171E /* Challenge.swift */ = {isa = PBXFileReference; lastKnownFileType = sourcecode.swift; path = Challenge.swift; sourceTree = "<group>"; };
/* End PBXFileReference section */

/* Begin PBXFrameworksBuildPhase section */
		57761202239566D600D9171E /* Frameworks */ = {
			isa = PBXFrameworksBuildPhase;
			buildActionMask = 2147483647;
			files = (
			);
			runOnlyForDeploymentPostprocessing = 0;
		};
		57761218239566D900D9171E /* Frameworks */ = {
			isa = PBXFrameworksBuildPhase;
			buildActionMask = 2147483647;
			files = (
			);
			runOnlyForDeploymentPostprocessing = 0;
		};
/* End PBXFrameworksBuildPhase section */

/* Begin PBXGroup section */
		577611FC239566D600D9171E = {
			isa = PBXGroup;
			children = (
				57761207239566D600D9171E /* ChallengeCalculator */,
				5776121E239566D900D9171E /* ChallengeCalculatorTests */,
				57761206239566D600D9171E /* Products */,
			);
			sourceTree = "<group>";
		};
		57761206239566D600D9171E /* Products */ = {
			isa = PBXGroup;
			children = (
				57761205239566D600D9171E /* ChallengeCalculator.app */,
				5776121B239566D900D9171E /* ChallengeCalculatorTests.xctest */,
			);
			name = Products;
			sourceTree = "<group>";
		};
		57761207239566D600D9171E /* ChallengeCalculator */ = {
			isa = PBXGroup;
			children = (
				57761208239566D600D9171E /* AppDelegate.swift */,
				5776120A239566D600D9171E /* SceneDelegate.swift */,
				5776122A2395695700D9171E /* Challenge.swift */,
				5776120C239566D600D9171E /* ViewController.swift */,
				5776120E239566D600D9171E /* Main.storyboard */,
				57761211239566D900D9171E /* Assets.xcassets */,
				57761213239566D900D9171E /* LaunchScreen.storyboard */,
				57761216239566D900D9171E /* Info.plist */,
			);
			path = ChallengeCalculator;
			sourceTree = "<group>";
		};
		5776121E239566D900D9171E /* ChallengeCalculatorTests */ = {
			isa = PBXGroup;
			children = (
				5776121F239566D900D9171E /* ChallengeCalculatorTests.swift */,
				57761221239566D900D9171E /* Info.plist */,
			);
			path = ChallengeCalculatorTests;
			sourceTree = "<group>";
		};
/* End PBXGroup section */

/* Begin PBXNativeTarget section */
		57761204239566D600D9171E /* ChallengeCalculator */ = {
			isa = PBXNativeTarget;
			buildConfigurationList = 57761224239566D900D9171E /* Build configuration list for PBXNativeTarget "ChallengeCalculator" */;
			buildPhases = (
				57761201239566D600D9171E /* Sources */,
				57761202239566D600D9171E /* Frameworks */,
				57761203239566D600D9171E /* Resources */,
			);
			buildRules = (
			);
			dependencies = (
			);
			name = ChallengeCalculator;
			productName = ChallengeCalculator;
			productReference = 57761205239566D600D9171E /* ChallengeCalculator.app */;
			productType = "com.apple.product-type.application";
		};
		5776121A239566D900D9171E /* ChallengeCalculatorTests */ = {
			isa = PBXNativeTarget;
			buildConfigurationList = 57761227239566D900D9171E /* Build configuration list for PBXNativeTarget "ChallengeCalculatorTests" */;
			buildPhases = (
				57761217239566D900D9171E /* Sources */,
				57761218239566D900D9171E /* Frameworks */,
				57761219239566D900D9171E /* Resources */,
			);
			buildRules = (
			);
			dependencies = (
				5776121D239566D900D9171E /* PBXTargetDependency */,
			);
			name = ChallengeCalculatorTests;
			productName = ChallengeCalculatorTests;
			productReference = 5776121B239566D900D9171E /* ChallengeCalculatorTests.xctest */;
			productType = "com.apple.product-type.bundle.unit-test";
		};
/* End PBXNativeTarget section */

/* Begin PBXProject section */
		577611FD239566D600D9171E /* Project object */ = {
			isa = PBXProject;
			attributes = {
				LastSwiftUpdateCheck = 1120;
				LastUpgradeCheck = 1120;
				ORGANIZATIONNAME = "Alex Paul";
				TargetAttributes = {
					57761204239566D600D9171E = {
						CreatedOnToolsVersion = 11.2.1;
					};
					5776121A239566D900D9171E = {
						CreatedOnToolsVersion = 11.2.1;
						TestTargetID = 57761204239566D600D9171E;
					};
				};
			};
			buildConfigurationList = 57761200239566D600D9171E /* Build configuration list for PBXProject "ChallengeCalculator" */;
			compatibilityVersion = "Xcode 9.3";
			developmentRegion = en;
			hasScannedForEncodings = 0;
			knownRegions = (
				en,
				Base,
			);
			mainGroup = 577611FC239566D600D9171E;
			productRefGroup = 57761206239566D600D9171E /* Products */;
			projectDirPath = "";
			projectRoot = "";
			targets = (
				57761204239566D600D9171E /* ChallengeCalculator */,
				5776121A239566D900D9171E /* ChallengeCalculatorTests */,
			);
		};
/* End PBXProject section */

/* Begin PBXResourcesBuildPhase section */
		57761203239566D600D9171E /* Resources */ = {
			isa = PBXResourcesBuildPhase;
			buildActionMask = 2147483647;
			files = (
				57761215239566D900D9171E /* LaunchScreen.storyboard in Resources */,
				57761212239566D900D9171E /* Assets.xcassets in Resources */,
				57761210239566D600D9171E /* Main.storyboard in Resources */,
			);
			runOnlyForDeploymentPostprocessing = 0;
		};
		57761219239566D900D9171E /* Resources */ = {
			isa = PBXResourcesBuildPhase;
			buildActionMask = 2147483647;
			files = (
			);
			runOnlyForDeploymentPostprocessing = 0;
		};
/* End PBXResourcesBuildPhase section */

/* Begin PBXSourcesBuildPhase section */
		57761201239566D600D9171E /* Sources */ = {
			isa = PBXSourcesBuildPhase;
			buildActionMask = 2147483647;
			files = (
				5776120D239566D600D9171E /* ViewController.swift in Sources */,
				5776122B2395695700D9171E /* Challenge.swift in Sources */,
				57761209239566D600D9171E /* AppDelegate.swift in Sources */,
				5776120B239566D600D9171E /* SceneDelegate.swift in Sources */,
			);
			runOnlyForDeploymentPostprocessing = 0;
		};
		57761217239566D900D9171E /* Sources */ = {
			isa = PBXSourcesBuildPhase;
			buildActionMask = 2147483647;
			files = (
				57761220239566D900D9171E /* ChallengeCalculatorTests.swift in Sources */,
			);
			runOnlyForDeploymentPostprocessing = 0;
		};
/* End PBXSourcesBuildPhase section */

/* Begin PBXTargetDependency section */
		5776121D239566D900D9171E /* PBXTargetDependency */ = {
			isa = PBXTargetDependency;
			target = 57761204239566D600D9171E /* ChallengeCalculator */;
			targetProxy = 5776121C239566D900D9171E /* PBXContainerItemProxy */;
		};
/* End PBXTargetDependency section */

/* Begin PBXVariantGroup section */
		5776120E239566D600D9171E /* Main.storyboard */ = {
			isa = PBXVariantGroup;
			children = (
				5776120F239566D600D9171E /* Base */,
			);
			name = Main.storyboard;
			sourceTree = "<group>";
		};
		57761213239566D900D9171E /* LaunchScreen.storyboard */ = {
			isa = PBXVariantGroup;
			children = (
				57761214239566D900D9171E /* Base */,
			);
			name = LaunchScreen.storyboard;
			sourceTree = "<group>";
		};
/* End PBXVariantGroup section */

/* Begin XCBuildConfiguration section */
		57761222239566D900D9171E /* Debug */ = {
			isa = XCBuildConfiguration;
			buildSettings = {
				ALWAYS_SEARCH_USER_PATHS = NO;
				CLANG_ANALYZER_NONNULL = YES;
				CLANG_ANALYZER_NUMBER_OBJECT_CONVERSION = YES_AGGRESSIVE;
				CLANG_CXX_LANGUAGE_STANDARD = "gnu++14";
				CLANG_CXX_LIBRARY = "libc++";
				CLANG_ENABLE_MODULES = YES;
				CLANG_ENABLE_OBJC_ARC = YES;
				CLANG_ENABLE_OBJC_WEAK = YES;
				CLANG_WARN_BLOCK_CAPTURE_AUTORELEASING = YES;
				CLANG_WARN_BOOL_CONVERSION = YES;
				CLANG_WARN_COMMA = YES;
				CLANG_WARN_CONSTANT_CONVERSION = YES;
				CLANG_WARN_DEPRECATED_OBJC_IMPLEMENTATIONS = YES;
				CLANG_WARN_DIRECT_OBJC_ISA_USAGE = YES_ERROR;
				CLANG_WARN_DOCUMENTATION_COMMENTS = YES;
				CLANG_WARN_EMPTY_BODY = YES;
				CLANG_WARN_ENUM_CONVERSION = YES;
				CLANG_WARN_INFINITE_RECURSION = YES;
				CLANG_WARN_INT_CONVERSION = YES;
				CLANG_WARN_NON_LITERAL_NULL_CONVERSION = YES;
				CLANG_WARN_OBJC_IMPLICIT_RETAIN_SELF = YES;
				CLANG_WARN_OBJC_LITERAL_CONVERSION = YES;
				CLANG_WARN_OBJC_ROOT_CLASS = YES_ERROR;
				CLANG_WARN_RANGE_LOOP_ANALYSIS = YES;
				CLANG_WARN_STRICT_PROTOTYPES = YES;
				CLANG_WARN_SUSPICIOUS_MOVE = YES;
				CLANG_WARN_UNGUARDED_AVAILABILITY = YES_AGGRESSIVE;
				CLANG_WARN_UNREACHABLE_CODE = YES;
				CLANG_WARN__DUPLICATE_METHOD_MATCH = YES;
				COPY_PHASE_STRIP = NO;
				DEBUG_INFORMATION_FORMAT = dwarf;
				ENABLE_STRICT_OBJC_MSGSEND = YES;
				ENABLE_TESTABILITY = YES;
				GCC_C_LANGUAGE_STANDARD = gnu11;
				GCC_DYNAMIC_NO_PIC = NO;
				GCC_NO_COMMON_BLOCKS = YES;
				GCC_OPTIMIZATION_LEVEL = 0;
				GCC_PREPROCESSOR_DEFINITIONS = (
					"DEBUG=1",
					"$(inherited)",
				);
				GCC_WARN_64_TO_32_BIT_CONVERSION = YES;
				GCC_WARN_ABOUT_RETURN_TYPE = YES_ERROR;
				GCC_WARN_UNDECLARED_SELECTOR = YES;
				GCC_WARN_UNINITIALIZED_AUTOS = YES_AGGRESSIVE;
				GCC_WARN_UNUSED_FUNCTION = YES;
				GCC_WARN_UNUSED_VARIABLE = YES;
				IPHONEOS_DEPLOYMENT_TARGET = 13.2;
				MTL_ENABLE_DEBUG_INFO = INCLUDE_SOURCE;
				MTL_FAST_MATH = YES;
				ONLY_ACTIVE_ARCH = YES;
				SDKROOT = iphoneos;
				SWIFT_ACTIVE_COMPILATION_CONDITIONS = DEBUG;
				SWIFT_OPTIMIZATION_LEVEL = "-Onone";
			};
			name = Debug;
		};
		57761223239566D900D9171E /* Release */ = {
			isa = XCBuildConfiguration;
			buildSettings = {
				ALWAYS_SEARCH_USER_PATHS = NO;
				CLANG_ANALYZER_NONNULL = YES;
				CLANG_ANALYZER_NUMBER_OBJECT_CONVERSION = YES_AGGRESSIVE;
				CLANG_CXX_LANGUAGE_STANDARD = "gnu++14";
				CLANG_CXX_LIBRARY = "libc++";
				CLANG_ENABLE_MODULES = YES;
				CLANG_ENABLE_OBJC_ARC = YES;
				CLANG_ENABLE_OBJC_WEAK = YES;
				CLANG_WARN_BLOCK_CAPTURE_AUTORELEASING = YES;
				CLANG_WARN_BOOL_CONVERSION = YES;
				CLANG_WARN_COMMA = YES;
				CLANG_WARN_CONSTANT_CONVERSION = YES;
				CLANG_WARN_DEPRECATED_OBJC_IMPLEMENTATIONS = YES;
				CLANG_WARN_DIRECT_OBJC_ISA_USAGE = YES_ERROR;
				CLANG_WARN_DOCUMENTATION_COMMENTS = YES;
				CLANG_WARN_EMPTY_BODY = YES;
				CLANG_WARN_ENUM_CONVERSION = YES;
				CLANG_WARN_INFINITE_RECURSION = YES;
				CLANG_WARN_INT_CONVERSION = YES;
				CLANG_WARN_NON_LITERAL_NULL_CONVERSION = YES;
				CLANG_WARN_OBJC_IMPLICIT_RETAIN_SELF = YES;
				CLANG_WARN_OBJC_LITERAL_CONVERSION = YES;
				CLANG_WARN_OBJC_ROOT_CLASS = YES_ERROR;
				CLANG_WARN_RANGE_LOOP_ANALYSIS = YES;
				CLANG_WARN_STRICT_PROTOTYPES = YES;
				CLANG_WARN_SUSPICIOUS_MOVE = YES;
				CLANG_WARN_UNGUARDED_AVAILABILITY = YES_AGGRESSIVE;
				CLANG_WARN_UNREACHABLE_CODE = YES;
				CLANG_WARN__DUPLICATE_METHOD_MATCH = YES;
				COPY_PHASE_STRIP = NO;
				DEBUG_INFORMATION_FORMAT = "dwarf-with-dsym";
				ENABLE_NS_ASSERTIONS = NO;
				ENABLE_STRICT_OBJC_MSGSEND = YES;
				GCC_C_LANGUAGE_STANDARD = gnu11;
				GCC_NO_COMMON_BLOCKS = YES;
				GCC_WARN_64_TO_32_BIT_CONVERSION = YES;
				GCC_WARN_ABOUT_RETURN_TYPE = YES_ERROR;
				GCC_WARN_UNDECLARED_SELECTOR = YES;
				GCC_WARN_UNINITIALIZED_AUTOS = YES_AGGRESSIVE;
				GCC_WARN_UNUSED_FUNCTION = YES;
				GCC_WARN_UNUSED_VARIABLE = YES;
				IPHONEOS_DEPLOYMENT_TARGET = 13.2;
				MTL_ENABLE_DEBUG_INFO = NO;
				MTL_FAST_MATH = YES;
				SDKROOT = iphoneos;
				SWIFT_COMPILATION_MODE = wholemodule;
				SWIFT_OPTIMIZATION_LEVEL = "-O";
				VALIDATE_PRODUCT = YES;
			};
			name = Release;
		};
		57761225239566D900D9171E /* Debug */ = {
			isa = XCBuildConfiguration;
			buildSettings = {
				ASSETCATALOG_COMPILER_APPICON_NAME = AppIcon;
				CODE_SIGN_STYLE = Automatic;
				DEVELOPMENT_TEAM = ZEKMNK5YD3;
				INFOPLIST_FILE = ChallengeCalculator/Info.plist;
				LD_RUNPATH_SEARCH_PATHS = (
					"$(inherited)",
					"@executable_path/Frameworks",
				);
				PRODUCT_BUNDLE_IDENTIFIER = com.alexcpaul.ChallengeCalculator;
				PRODUCT_NAME = "$(TARGET_NAME)";
				SWIFT_VERSION = 5.0;
				TARGETED_DEVICE_FAMILY = "1,2";
			};
			name = Debug;
		};
		57761226239566D900D9171E /* Release */ = {
			isa = XCBuildConfiguration;
			buildSettings = {
				ASSETCATALOG_COMPILER_APPICON_NAME = AppIcon;
				CODE_SIGN_STYLE = Automatic;
				DEVELOPMENT_TEAM = ZEKMNK5YD3;
				INFOPLIST_FILE = ChallengeCalculator/Info.plist;
				LD_RUNPATH_SEARCH_PATHS = (
					"$(inherited)",
					"@executable_path/Frameworks",
				);
				PRODUCT_BUNDLE_IDENTIFIER = com.alexcpaul.ChallengeCalculator;
				PRODUCT_NAME = "$(TARGET_NAME)";
				SWIFT_VERSION = 5.0;
				TARGETED_DEVICE_FAMILY = "1,2";
			};
			name = Release;
		};
		57761228239566D900D9171E /* Debug */ = {
			isa = XCBuildConfiguration;
			buildSettings = {
				ALWAYS_EMBED_SWIFT_STANDARD_LIBRARIES = YES;
				BUNDLE_LOADER = "$(TEST_HOST)";
				CODE_SIGN_STYLE = Automatic;
				DEVELOPMENT_TEAM = ZEKMNK5YD3;
				INFOPLIST_FILE = ChallengeCalculatorTests/Info.plist;
				IPHONEOS_DEPLOYMENT_TARGET = 13.2;
				LD_RUNPATH_SEARCH_PATHS = (
					"$(inherited)",
					"@executable_path/Frameworks",
					"@loader_path/Frameworks",
				);
				PRODUCT_BUNDLE_IDENTIFIER = com.alexcpaul.ChallengeCalculatorTests;
				PRODUCT_NAME = "$(TARGET_NAME)";
				SWIFT_VERSION = 5.0;
				TARGETED_DEVICE_FAMILY = "1,2";
				TEST_HOST = "$(BUILT_PRODUCTS_DIR)/ChallengeCalculator.app/ChallengeCalculator";
			};
			name = Debug;
		};
		57761229239566D900D9171E /* Release */ = {
			isa = XCBuildConfiguration;
			buildSettings = {
				ALWAYS_EMBED_SWIFT_STANDARD_LIBRARIES = YES;
				BUNDLE_LOADER = "$(TEST_HOST)";
				CODE_SIGN_STYLE = Automatic;
				DEVELOPMENT_TEAM = ZEKMNK5YD3;
				INFOPLIST_FILE = ChallengeCalculatorTests/Info.plist;
				IPHONEOS_DEPLOYMENT_TARGET = 13.2;
				LD_RUNPATH_SEARCH_PATHS = (
					"$(inherited)",
					"@executable_path/Frameworks",
					"@loader_path/Frameworks",
				);
				PRODUCT_BUNDLE_IDENTIFIER = com.alexcpaul.ChallengeCalculatorTests;
				PRODUCT_NAME = "$(TARGET_NAME)";
				SWIFT_VERSION = 5.0;
				TARGETED_DEVICE_FAMILY = "1,2";
				TEST_HOST = "$(BUILT_PRODUCTS_DIR)/ChallengeCalculator.app/ChallengeCalculator";
			};
			name = Release;
		};
/* End XCBuildConfiguration section */

/* Begin XCConfigurationList section */
		57761200239566D600D9171E /* Build configuration list for PBXProject "ChallengeCalculator" */ = {
			isa = XCConfigurationList;
			buildConfigurations = (
				57761222239566D900D9171E /* Debug */,
				57761223239566D900D9171E /* Release */,
			);
			defaultConfigurationIsVisible = 0;
			defaultConfigurationName = Release;
		};
		57761224239566D900D9171E /* Build configuration list for PBXNativeTarget "ChallengeCalculator" */ = {
			isa = XCConfigurationList;
			buildConfigurations = (
				57761225239566D900D9171E /* Debug */,
				57761226239566D900D9171E /* Release */,
			);
			defaultConfigurationIsVisible = 0;
			defaultConfigurationName = Release;
		};
		57761227239566D900D9171E /* Build configuration list for PBXNativeTarget "ChallengeCalculatorTests" */ = {
			isa = XCConfigurationList;
			buildConfigurations = (
				57761228239566D900D9171E /* Debug */,
				57761229239566D900D9171E /* Release */,
			);
			defaultConfigurationIsVisible = 0;
			defaultConfigurationName = Release;
		};
/* End XCConfigurationList section */
	};
	rootObject = 577611FD239566D600D9171E /* Project object */;
}
